
Microsoft Visual Studio Solution File, Format Version 12.00
# Visual Studio Version 16
VisualStudioVersion = 16.0.29215.179
MinimumVisualStudioVersion = 10.0.40219.1
Project("{FAE04EC0-301F-11D3-BF4B-00C04F79EFBC}") = "01_Basic", "01_Basic\01_Basic.csproj", "{1CA86F8C-B7FC-429A-B348-774BDBBDBE6C}"
EndProject
Project("{FAE04EC0-301F-11D3-BF4B-00C04F79EFBC}") = "02_Version", "02_Version\02_Version.csproj", "{9B448D0E-C6ED-482E-9703-E1AED684C82D}"
EndProject
Project("{FAE04EC0-301F-11D3-BF4B-00C04F79EFBC}") = "03_DataType", "03_DataType\03_DataType.csproj", "{67317F5B-DF2A-4C18-9316-EAFFFC89FE6E}"
EndProject
Project("{FAE04EC0-301F-11D3-BF4B-00C04F79EFBC}") = "04_Variable", "04_Variable\04_Variable.csproj", "{C4555237-65F4-48B8-B8D0-F5EA19CB9CF7}"
EndProject
Project("{FAE04EC0-301F-11D3-BF4B-00C04F79EFBC}") = "05_Array", "05_Array\05_Array.csproj", "{56061928-00E3-4F60-8456-CFD8861CFB05}"
EndProject
Project("{FAE04EC0-301F-11D3-BF4B-00C04F79EFBC}") = "06_String", "06_string\06_String.csproj", "{ADC47CBF-DC95-41D2-A09A-306860861DA4}"
EndProject
Project("{FAE04EC0-301F-11D3-BF4B-00C04F79EFBC}") = "07_Enum", "07_enum\07_Enum.csproj", "{6B6C3E10-EA21-48DA-9BF9-6FCA4579D7BE}"
EndProject
Project("{FAE04EC0-301F-11D3-BF4B-00C04F79EFBC}") = "08_If", "08_IfCondition\08_If.csproj", "{63D55536-1578-4B5C-9836-94ED9B545578}"
EndProject
Project("{FAE04EC0-301F-11D3-BF4B-00C04F79EFBC}") = "09_For", "09_For\09_For.csproj", "{E1D9D65D-D99E-4AB7-BD40-1B107CE62FA9}"
EndProject
Project("{FAE04EC0-301F-11D3-BF4B-00C04F79EFBC}") = "10_Yield", "10_Yield\10_Yield.csproj", "{3582A14D-6DD2-461D-B72D-F4844D5B8032}"
EndProject
Project("{FAE04EC0-301F-11D3-BF4B-00C04F79EFBC}") = "11_Exception", "Exception\11_Exception.csproj", "{B1FD708B-0064-4471-995F-21D7D8B7134C}"
EndProject
Project("{FAE04EC0-301F-11D3-BF4B-00C04F79EFBC}") = "12_NameSpace", "12_NameSpace\12_NameSpace.csproj", "{3E0C4466-417E-41FA-AF51-B1807A7C51C3}"
EndProject
Project("{FAE04EC0-301F-11D3-BF4B-00C04F79EFBC}") = "13_ValueVsReferenceType", "13_ValueVsReferenceType\13_ValueVsReferenceType.csproj", "{B5C76656-E636-433E-8AE3-45516D765967}"
EndProject
Project("{FAE04EC0-301F-11D3-BF4B-00C04F79EFBC}") = "14_Class", "14_Class\14_Class.csproj", "{70433C67-0B4E-47AA-B326-AC71A1027633}"
EndProject
Project("{FAE04EC0-301F-11D3-BF4B-00C04F79EFBC}") = "15_Nullable", "15_Nullable\15_Nullable.csproj", "{BAD41996-DD6A-4A28-8145-A0C9849EE8B6}"
EndProject
Project("{FAE04EC0-301F-11D3-BF4B-00C04F79EFBC}") = "16_MethodParam", "16_MethodParam\16_MethodParam.csproj", "{5C13EA36-D7E0-4BE9-BAEA-699ABE7E1A74}"
EndProject
Project("{FAE04EC0-301F-11D3-BF4B-00C04F79EFBC}") = "17_Event", "17_Event\17_Event.csproj", "{BFB635E2-8EC8-4E3F-BA0D-E739D3FE7E25}"
EndProject
Project("{FAE04EC0-301F-11D3-BF4B-00C04F79EFBC}") = "18_Preprocessor", "18_Preprocessor\18_Preprocessor.csproj", "{A649FD41-37C4-4771-82B5-4FEA1ECF3F62}"
EndProject
Project("{2150E333-8FDC-42A3-9474-1A3956D46DE8}") = "01_BasicGrammer", "01_BasicGrammer", "{E4ABD300-81EF-413F-ABF0-E558300E45D7}"
EndProject
Project("{2150E333-8FDC-42A3-9474-1A3956D46DE8}") = "02_AdvancedGrammer", "02_AdvancedGrammer", "{2867F666-BAC8-4140-8A87-793C2C501393}"
EndProject
Project("{FAE04EC0-301F-11D3-BF4B-00C04F79EFBC}") = "01_Indexer", "01_Indexer\01_Indexer.csproj", "{89E2F2C4-5098-46E4-9DDF-7BD4AD89DA64}"
EndProject
Project("{FAE04EC0-301F-11D3-BF4B-00C04F79EFBC}") = "02_AccessModifier", "02_AccessModifier\02_AccessModifier.csproj", "{B44C5073-796D-4781-A381-B74024218E34}"
EndProject
Project("{FAE04EC0-301F-11D3-BF4B-00C04F79EFBC}") = "03_ExtendedClass", "03_ExtendedClass\03_ExtendedClass.csproj", "{8D5E42B5-DE12-4AA1-A6D8-CB1FC32AD405}"
EndProject
Project("{FAE04EC0-301F-11D3-BF4B-00C04F79EFBC}") = "04_StaticMethod", "03_StaticMethod\04_StaticMethod.csproj", "{0399E7FB-83DA-46AA-841D-625D854E5046}"
EndProject
Project("{FAE04EC0-301F-11D3-BF4B-00C04F79EFBC}") = "05_Generics", "05_Generics\05_Generics.csproj", "{FFA991DC-E705-4541-9550-69F9365ECC26}"
EndProject
Project("{FAE04EC0-301F-11D3-BF4B-00C04F79EFBC}") = "06_Interface", "06_Interface\06_Interface.csproj", "{8F8F219D-96C6-4297-BAEF-9F97E34F4886}"
EndProject
Project("{FAE04EC0-301F-11D3-BF4B-00C04F79EFBC}") = "07_DelegateBasic", "07_DelegateBasic\07_DelegateBasic.csproj", "{EED2EFBA-B571-4BBE-BE2F-1E49E76D1DCC}"
EndProject
Project("{FAE04EC0-301F-11D3-BF4B-00C04F79EFBC}") = "08_Delegate1", "08_Delegate1\08_Delegate1.csproj", "{17D18FBE-8F9F-45A4-B093-25E3CBF2C6A6}"
EndProject
Project("{FAE04EC0-301F-11D3-BF4B-00C04F79EFBC}") = "09_Delegate2", "09_Delegate2\09_Delegate2.csproj", "{442DC479-B7B1-4E51-A056-0096D15F98B8}"
EndProject
Project("{FAE04EC0-301F-11D3-BF4B-00C04F79EFBC}") = "10_Delegate3", "09_Delegate3\10_Delegate3.csproj", "{24DD005A-769A-45D6-B83D-4123FD89BBF1}"
EndProject
Project("{FAE04EC0-301F-11D3-BF4B-00C04F79EFBC}") = "11_AnonymousMethod", "11_AnonymousMethod\11_AnonymousMethod.csproj", "{93651FBC-7F6B-4067-AA57-B7A4FB975F2C}"
EndProject
Project("{FAE04EC0-301F-11D3-BF4B-00C04F79EFBC}") = "12_LamdaExpression", "12_LamdaExpression\12_LamdaExpression.csproj", "{82CAC143-2B47-4F71-B851-D9C511C581AC}"
EndProject
Project("{FAE04EC0-301F-11D3-BF4B-00C04F79EFBC}") = "13_AnonymousType", "13_AnonymousType\13_AnonymousType.csproj", "{0D3007DE-AE15-4403-A545-2940FA01A150}"
EndProject
Project("{FAE04EC0-301F-11D3-BF4B-00C04F79EFBC}") = "14_ExtensionMethod1", "14_ExtensionMethod\14_ExtensionMethod1.csproj", "{B8DDC4FB-5C33-4C67-B3E3-736FBD21D4D5}"
EndProject
Project("{FAE04EC0-301F-11D3-BF4B-00C04F79EFBC}") = "15_ExtensionMethod2", "15_ExtensionMethod2\15_ExtensionMethod2.csproj", "{ABC9F874-4113-4DDE-921C-D64C8A156BEA}"
EndProject
Project("{FAE04EC0-301F-11D3-BF4B-00C04F79EFBC}") = "16_ParcialClass", "16_ParcialClass\16_ParcialClass.csproj", "{3FB4555E-5D24-48F3-94C6-6E8028708BC9}"
EndProject
Project("{FAE04EC0-301F-11D3-BF4B-00C04F79EFBC}") = "17_Dynamic", "17_Dynamic\17_Dynamic.csproj", "{FFC8A118-5EC6-411A-8670-4E87DC260C7F}"
EndProject
Project("{FAE04EC0-301F-11D3-BF4B-00C04F79EFBC}") = "18_AsyncAwait", "18_AsyncAwait\18_AsyncAwait.csproj", "{65F79ED5-1C1D-4382-80A8-8DE89731DD7B}"
EndProject
Project("{2150E333-8FDC-42A3-9474-1A3956D46DE8}") = "03_CodingConvention", "03_CodingConvention", "{10B0AE7B-B132-4BB7-9A62-3D2D7E00C37C}"
	ProjectSection(SolutionItems) = preProject
		CodingConvention.txt = CodingConvention.txt
	EndProjectSection
EndProject
Global
	GlobalSection(SolutionConfigurationPlatforms) = preSolution
		Debug|Any CPU = Debug|Any CPU
		Release|Any CPU = Release|Any CPU
	EndGlobalSection
	GlobalSection(ProjectConfigurationPlatforms) = postSolution
		{1CA86F8C-B7FC-429A-B348-774BDBBDBE6C}.Debug|Any CPU.ActiveCfg = Debug|Any CPU
		{1CA86F8C-B7FC-429A-B348-774BDBBDBE6C}.Debug|Any CPU.Build.0 = Debug|Any CPU
		{1CA86F8C-B7FC-429A-B348-774BDBBDBE6C}.Release|Any CPU.ActiveCfg = Release|Any CPU
		{1CA86F8C-B7FC-429A-B348-774BDBBDBE6C}.Release|Any CPU.Build.0 = Release|Any CPU
		{9B448D0E-C6ED-482E-9703-E1AED684C82D}.Debug|Any CPU.ActiveCfg = Debug|Any CPU
		{9B448D0E-C6ED-482E-9703-E1AED684C82D}.Debug|Any CPU.Build.0 = Debug|Any CPU
		{9B448D0E-C6ED-482E-9703-E1AED684C82D}.Release|Any CPU.ActiveCfg = Release|Any CPU
		{9B448D0E-C6ED-482E-9703-E1AED684C82D}.Release|Any CPU.Build.0 = Release|Any CPU
		{67317F5B-DF2A-4C18-9316-EAFFFC89FE6E}.Debug|Any CPU.ActiveCfg = Debug|Any CPU
		{67317F5B-DF2A-4C18-9316-EAFFFC89FE6E}.Debug|Any CPU.Build.0 = Debug|Any CPU
		{67317F5B-DF2A-4C18-9316-EAFFFC89FE6E}.Release|Any CPU.ActiveCfg = Release|Any CPU
		{67317F5B-DF2A-4C18-9316-EAFFFC89FE6E}.Release|Any CPU.Build.0 = Release|Any CPU
		{C4555237-65F4-48B8-B8D0-F5EA19CB9CF7}.Debug|Any CPU.ActiveCfg = Debug|Any CPU
		{C4555237-65F4-48B8-B8D0-F5EA19CB9CF7}.Debug|Any CPU.Build.0 = Debug|Any CPU
		{C4555237-65F4-48B8-B8D0-F5EA19CB9CF7}.Release|Any CPU.ActiveCfg = Release|Any CPU
		{C4555237-65F4-48B8-B8D0-F5EA19CB9CF7}.Release|Any CPU.Build.0 = Release|Any CPU
		{56061928-00E3-4F60-8456-CFD8861CFB05}.Debug|Any CPU.ActiveCfg = Debug|Any CPU
		{56061928-00E3-4F60-8456-CFD8861CFB05}.Debug|Any CPU.Build.0 = Debug|Any CPU
		{56061928-00E3-4F60-8456-CFD8861CFB05}.Release|Any CPU.ActiveCfg = Release|Any CPU
		{56061928-00E3-4F60-8456-CFD8861CFB05}.Release|Any CPU.Build.0 = Release|Any CPU
		{ADC47CBF-DC95-41D2-A09A-306860861DA4}.Debug|Any CPU.ActiveCfg = Debug|Any CPU
		{ADC47CBF-DC95-41D2-A09A-306860861DA4}.Debug|Any CPU.Build.0 = Debug|Any CPU
		{ADC47CBF-DC95-41D2-A09A-306860861DA4}.Release|Any CPU.ActiveCfg = Release|Any CPU
		{ADC47CBF-DC95-41D2-A09A-306860861DA4}.Release|Any CPU.Build.0 = Release|Any CPU
		{6B6C3E10-EA21-48DA-9BF9-6FCA4579D7BE}.Debug|Any CPU.ActiveCfg = Debug|Any CPU
		{6B6C3E10-EA21-48DA-9BF9-6FCA4579D7BE}.Debug|Any CPU.Build.0 = Debug|Any CPU
		{6B6C3E10-EA21-48DA-9BF9-6FCA4579D7BE}.Release|Any CPU.ActiveCfg = Release|Any CPU
		{6B6C3E10-EA21-48DA-9BF9-6FCA4579D7BE}.Release|Any CPU.Build.0 = Release|Any CPU
		{63D55536-1578-4B5C-9836-94ED9B545578}.Debug|Any CPU.ActiveCfg = Debug|Any CPU
		{63D55536-1578-4B5C-9836-94ED9B545578}.Debug|Any CPU.Build.0 = Debug|Any CPU
		{63D55536-1578-4B5C-9836-94ED9B545578}.Release|Any CPU.ActiveCfg = Release|Any CPU
		{63D55536-1578-4B5C-9836-94ED9B545578}.Release|Any CPU.Build.0 = Release|Any CPU
		{E1D9D65D-D99E-4AB7-BD40-1B107CE62FA9}.Debug|Any CPU.ActiveCfg = Debug|Any CPU
		{E1D9D65D-D99E-4AB7-BD40-1B107CE62FA9}.Debug|Any CPU.Build.0 = Debug|Any CPU
		{E1D9D65D-D99E-4AB7-BD40-1B107CE62FA9}.Release|Any CPU.ActiveCfg = Release|Any CPU
		{E1D9D65D-D99E-4AB7-BD40-1B107CE62FA9}.Release|Any CPU.Build.0 = Release|Any CPU
		{3582A14D-6DD2-461D-B72D-F4844D5B8032}.Debug|Any CPU.ActiveCfg = Debug|Any CPU
		{3582A14D-6DD2-461D-B72D-F4844D5B8032}.Debug|Any CPU.Build.0 = Debug|Any CPU
		{3582A14D-6DD2-461D-B72D-F4844D5B8032}.Release|Any CPU.ActiveCfg = Release|Any CPU
		{3582A14D-6DD2-461D-B72D-F4844D5B8032}.Release|Any CPU.Build.0 = Release|Any CPU
		{B1FD708B-0064-4471-995F-21D7D8B7134C}.Debug|Any CPU.ActiveCfg = Debug|Any CPU
		{B1FD708B-0064-4471-995F-21D7D8B7134C}.Debug|Any CPU.Build.0 = Debug|Any CPU
		{B1FD708B-0064-4471-995F-21D7D8B7134C}.Release|Any CPU.ActiveCfg = Release|Any CPU
		{B1FD708B-0064-4471-995F-21D7D8B7134C}.Release|Any CPU.Build.0 = Release|Any CPU
		{3E0C4466-417E-41FA-AF51-B1807A7C51C3}.Debug|Any CPU.ActiveCfg = Debug|Any CPU
		{3E0C4466-417E-41FA-AF51-B1807A7C51C3}.Debug|Any CPU.Build.0 = Debug|Any CPU
		{3E0C4466-417E-41FA-AF51-B1807A7C51C3}.Release|Any CPU.ActiveCfg = Release|Any CPU
		{3E0C4466-417E-41FA-AF51-B1807A7C51C3}.Release|Any CPU.Build.0 = Release|Any CPU
		{B5C76656-E636-433E-8AE3-45516D765967}.Debug|Any CPU.ActiveCfg = Debug|Any CPU
		{B5C76656-E636-433E-8AE3-45516D765967}.Debug|Any CPU.Build.0 = Debug|Any CPU
		{B5C76656-E636-433E-8AE3-45516D765967}.Release|Any CPU.ActiveCfg = Release|Any CPU
		{B5C76656-E636-433E-8AE3-45516D765967}.Release|Any CPU.Build.0 = Release|Any CPU
		{70433C67-0B4E-47AA-B326-AC71A1027633}.Debug|Any CPU.ActiveCfg = Debug|Any CPU
		{70433C67-0B4E-47AA-B326-AC71A1027633}.Debug|Any CPU.Build.0 = Debug|Any CPU
		{70433C67-0B4E-47AA-B326-AC71A1027633}.Release|Any CPU.ActiveCfg = Release|Any CPU
		{70433C67-0B4E-47AA-B326-AC71A1027633}.Release|Any CPU.Build.0 = Release|Any CPU
		{BAD41996-DD6A-4A28-8145-A0C9849EE8B6}.Debug|Any CPU.ActiveCfg = Debug|Any CPU
		{BAD41996-DD6A-4A28-8145-A0C9849EE8B6}.Debug|Any CPU.Build.0 = Debug|Any CPU
		{BAD41996-DD6A-4A28-8145-A0C9849EE8B6}.Release|Any CPU.ActiveCfg = Release|Any CPU
		{BAD41996-DD6A-4A28-8145-A0C9849EE8B6}.Release|Any CPU.Build.0 = Release|Any CPU
		{5C13EA36-D7E0-4BE9-BAEA-699ABE7E1A74}.Debug|Any CPU.ActiveCfg = Debug|Any CPU
		{5C13EA36-D7E0-4BE9-BAEA-699ABE7E1A74}.Debug|Any CPU.Build.0 = Debug|Any CPU
		{5C13EA36-D7E0-4BE9-BAEA-699ABE7E1A74}.Release|Any CPU.ActiveCfg = Release|Any CPU
		{5C13EA36-D7E0-4BE9-BAEA-699ABE7E1A74}.Release|Any CPU.Build.0 = Release|Any CPU
		{BFB635E2-8EC8-4E3F-BA0D-E739D3FE7E25}.Debug|Any CPU.ActiveCfg = Debug|Any CPU
		{BFB635E2-8EC8-4E3F-BA0D-E739D3FE7E25}.Debug|Any CPU.Build.0 = Debug|Any CPU
		{BFB635E2-8EC8-4E3F-BA0D-E739D3FE7E25}.Release|Any CPU.ActiveCfg = Release|Any CPU
		{BFB635E2-8EC8-4E3F-BA0D-E739D3FE7E25}.Release|Any CPU.Build.0 = Release|Any CPU
		{A649FD41-37C4-4771-82B5-4FEA1ECF3F62}.Debug|Any CPU.ActiveCfg = Debug|Any CPU
		{A649FD41-37C4-4771-82B5-4FEA1ECF3F62}.Debug|Any CPU.Build.0 = Debug|Any CPU
		{A649FD41-37C4-4771-82B5-4FEA1ECF3F62}.Release|Any CPU.ActiveCfg = Release|Any CPU
		{A649FD41-37C4-4771-82B5-4FEA1ECF3F62}.Release|Any CPU.Build.0 = Release|Any CPU
		{89E2F2C4-5098-46E4-9DDF-7BD4AD89DA64}.Debug|Any CPU.ActiveCfg = Debug|Any CPU
		{89E2F2C4-5098-46E4-9DDF-7BD4AD89DA64}.Debug|Any CPU.Build.0 = Debug|Any CPU
		{89E2F2C4-5098-46E4-9DDF-7BD4AD89DA64}.Release|Any CPU.ActiveCfg = Release|Any CPU
		{89E2F2C4-5098-46E4-9DDF-7BD4AD89DA64}.Release|Any CPU.Build.0 = Release|Any CPU
		{B44C5073-796D-4781-A381-B74024218E34}.Debug|Any CPU.ActiveCfg = Debug|Any CPU
		{B44C5073-796D-4781-A381-B74024218E34}.Debug|Any CPU.Build.0 = Debug|Any CPU
		{B44C5073-796D-4781-A381-B74024218E34}.Release|Any CPU.ActiveCfg = Release|Any CPU
		{B44C5073-796D-4781-A381-B74024218E34}.Release|Any CPU.Build.0 = Release|Any CPU
		{8D5E42B5-DE12-4AA1-A6D8-CB1FC32AD405}.Debug|Any CPU.ActiveCfg = Debug|Any CPU
		{8D5E42B5-DE12-4AA1-A6D8-CB1FC32AD405}.Debug|Any CPU.Build.0 = Debug|Any CPU
		{8D5E42B5-DE12-4AA1-A6D8-CB1FC32AD405}.Release|Any CPU.ActiveCfg = Release|Any CPU
		{8D5E42B5-DE12-4AA1-A6D8-CB1FC32AD405}.Release|Any CPU.Build.0 = Release|Any CPU
		{0399E7FB-83DA-46AA-841D-625D854E5046}.Debug|Any CPU.ActiveCfg = Debug|Any CPU
		{0399E7FB-83DA-46AA-841D-625D854E5046}.Debug|Any CPU.Build.0 = Debug|Any CPU
		{0399E7FB-83DA-46AA-841D-625D854E5046}.Release|Any CPU.ActiveCfg = Release|Any CPU
		{0399E7FB-83DA-46AA-841D-625D854E5046}.Release|Any CPU.Build.0 = Release|Any CPU
		{FFA991DC-E705-4541-9550-69F9365ECC26}.Debug|Any CPU.ActiveCfg = Debug|Any CPU
		{FFA991DC-E705-4541-9550-69F9365ECC26}.Debug|Any CPU.Build.0 = Debug|Any CPU
		{FFA991DC-E705-4541-9550-69F9365ECC26}.Release|Any CPU.ActiveCfg = Release|Any CPU
		{FFA991DC-E705-4541-9550-69F9365ECC26}.Release|Any CPU.Build.0 = Release|Any CPU
		{8F8F219D-96C6-4297-BAEF-9F97E34F4886}.Debug|Any CPU.ActiveCfg = Debug|Any CPU
		{8F8F219D-96C6-4297-BAEF-9F97E34F4886}.Debug|Any CPU.Build.0 = Debug|Any CPU
		{8F8F219D-96C6-4297-BAEF-9F97E34F4886}.Release|Any CPU.ActiveCfg = Release|Any CPU
		{8F8F219D-96C6-4297-BAEF-9F97E34F4886}.Release|Any CPU.Build.0 = Release|Any CPU
		{EED2EFBA-B571-4BBE-BE2F-1E49E76D1DCC}.Debug|Any CPU.ActiveCfg = Debug|Any CPU
		{EED2EFBA-B571-4BBE-BE2F-1E49E76D1DCC}.Debug|Any CPU.Build.0 = Debug|Any CPU
		{EED2EFBA-B571-4BBE-BE2F-1E49E76D1DCC}.Release|Any CPU.ActiveCfg = Release|Any CPU
		{EED2EFBA-B571-4BBE-BE2F-1E49E76D1DCC}.Release|Any CPU.Build.0 = Release|Any CPU
		{17D18FBE-8F9F-45A4-B093-25E3CBF2C6A6}.Debug|Any CPU.ActiveCfg = Debug|Any CPU
		{17D18FBE-8F9F-45A4-B093-25E3CBF2C6A6}.Debug|Any CPU.Build.0 = Debug|Any CPU
		{17D18FBE-8F9F-45A4-B093-25E3CBF2C6A6}.Release|Any CPU.ActiveCfg = Release|Any CPU
		{17D18FBE-8F9F-45A4-B093-25E3CBF2C6A6}.Release|Any CPU.Build.0 = Release|Any CPU
		{442DC479-B7B1-4E51-A056-0096D15F98B8}.Debug|Any CPU.ActiveCfg = Debug|Any CPU
		{442DC479-B7B1-4E51-A056-0096D15F98B8}.Debug|Any CPU.Build.0 = Debug|Any CPU
		{442DC479-B7B1-4E51-A056-0096D15F98B8}.Release|Any CPU.ActiveCfg = Release|Any CPU
		{442DC479-B7B1-4E51-A056-0096D15F98B8}.Release|Any CPU.Build.0 = Release|Any CPU
		{24DD005A-769A-45D6-B83D-4123FD89BBF1}.Debug|Any CPU.ActiveCfg = Debug|Any CPU
		{24DD005A-769A-45D6-B83D-4123FD89BBF1}.Debug|Any CPU.Build.0 = Debug|Any CPU
		{24DD005A-769A-45D6-B83D-4123FD89BBF1}.Release|Any CPU.ActiveCfg = Release|Any CPU
		{24DD005A-769A-45D6-B83D-4123FD89BBF1}.Release|Any CPU.Build.0 = Release|Any CPU
		{93651FBC-7F6B-4067-AA57-B7A4FB975F2C}.Debug|Any CPU.ActiveCfg = Debug|Any CPU
		{93651FBC-7F6B-4067-AA57-B7A4FB975F2C}.Debug|Any CPU.Build.0 = Debug|Any CPU
		{93651FBC-7F6B-4067-AA57-B7A4FB975F2C}.Release|Any CPU.ActiveCfg = Release|Any CPU
		{93651FBC-7F6B-4067-AA57-B7A4FB975F2C}.Release|Any CPU.Build.0 = Release|Any CPU
		{82CAC143-2B47-4F71-B851-D9C511C581AC}.Debug|Any CPU.ActiveCfg = Debug|Any CPU
		{82CAC143-2B47-4F71-B851-D9C511C581AC}.Debug|Any CPU.Build.0 = Debug|Any CPU
		{82CAC143-2B47-4F71-B851-D9C511C581AC}.Release|Any CPU.ActiveCfg = Release|Any CPU
		{82CAC143-2B47-4F71-B851-D9C511C581AC}.Release|Any CPU.Build.0 = Release|Any CPU
		{0D3007DE-AE15-4403-A545-2940FA01A150}.Debug|Any CPU.ActiveCfg = Debug|Any CPU
		{0D3007DE-AE15-4403-A545-2940FA01A150}.Debug|Any CPU.Build.0 = Debug|Any CPU
		{0D3007DE-AE15-4403-A545-2940FA01A150}.Release|Any CPU.ActiveCfg = Release|Any CPU
		{0D3007DE-AE15-4403-A545-2940FA01A150}.Release|Any CPU.Build.0 = Release|Any CPU
		{B8DDC4FB-5C33-4C67-B3E3-736FBD21D4D5}.Debug|Any CPU.ActiveCfg = Debug|Any CPU
		{B8DDC4FB-5C33-4C67-B3E3-736FBD21D4D5}.Debug|Any CPU.Build.0 = Debug|Any CPU
		{B8DDC4FB-5C33-4C67-B3E3-736FBD21D4D5}.Release|Any CPU.ActiveCfg = Release|Any CPU
		{B8DDC4FB-5C33-4C67-B3E3-736FBD21D4D5}.Release|Any CPU.Build.0 = Release|Any CPU
		{ABC9F874-4113-4DDE-921C-D64C8A156BEA}.Debug|Any CPU.ActiveCfg = Debug|Any CPU
		{ABC9F874-4113-4DDE-921C-D64C8A156BEA}.Debug|Any CPU.Build.0 = Debug|Any CPU
		{ABC9F874-4113-4DDE-921C-D64C8A156BEA}.Release|Any CPU.ActiveCfg = Release|Any CPU
		{ABC9F874-4113-4DDE-921C-D64C8A156BEA}.Release|Any CPU.Build.0 = Release|Any CPU
		{3FB4555E-5D24-48F3-94C6-6E8028708BC9}.Debug|Any CPU.ActiveCfg = Debug|Any CPU
		{3FB4555E-5D24-48F3-94C6-6E8028708BC9}.Debug|Any CPU.Build.0 = Debug|Any CPU
		{3FB4555E-5D24-48F3-94C6-6E8028708BC9}.Release|Any CPU.ActiveCfg = Release|Any CPU
		{3FB4555E-5D24-48F3-94C6-6E8028708BC9}.Release|Any CPU.Build.0 = Release|Any CPU
		{FFC8A118-5EC6-411A-8670-4E87DC260C7F}.Debug|Any CPU.ActiveCfg = Debug|Any CPU
		{FFC8A118-5EC6-411A-8670-4E87DC260C7F}.Debug|Any CPU.Build.0 = Debug|Any CPU
		{FFC8A118-5EC6-411A-8670-4E87DC260C7F}.Release|Any CPU.ActiveCfg = Release|Any CPU
		{FFC8A118-5EC6-411A-8670-4E87DC260C7F}.Release|Any CPU.Build.0 = Release|Any CPU
		{65F79ED5-1C1D-4382-80A8-8DE89731DD7B}.Debug|Any CPU.ActiveCfg = Debug|Any CPU
		{65F79ED5-1C1D-4382-80A8-8DE89731DD7B}.Debug|Any CPU.Build.0 = Debug|Any CPU
		{65F79ED5-1C1D-4382-80A8-8DE89731DD7B}.Release|Any CPU.ActiveCfg = Release|Any CPU
		{65F79ED5-1C1D-4382-80A8-8DE89731DD7B}.Release|Any CPU.Build.0 = Release|Any CPU
	EndGlobalSection
	GlobalSection(SolutionProperties) = preSolution
		HideSolutionNode = FALSE
	EndGlobalSection
	GlobalSection(NestedProjects) = preSolution
		{1CA86F8C-B7FC-429A-B348-774BDBBDBE6C} = {E4ABD300-81EF-413F-ABF0-E558300E45D7}
		{9B448D0E-C6ED-482E-9703-E1AED684C82D} = {E4ABD300-81EF-413F-ABF0-E558300E45D7}
		{67317F5B-DF2A-4C18-9316-EAFFFC89FE6E} = {E4ABD300-81EF-413F-ABF0-E558300E45D7}
		{C4555237-65F4-48B8-B8D0-F5EA19CB9CF7} = {E4ABD300-81EF-413F-ABF0-E558300E45D7}
		{56061928-00E3-4F60-8456-CFD8861CFB05} = {E4ABD300-81EF-413F-ABF0-E558300E45D7}
		{ADC47CBF-DC95-41D2-A09A-306860861DA4} = {E4ABD300-81EF-413F-ABF0-E558300E45D7}
		{6B6C3E10-EA21-48DA-9BF9-6FCA4579D7BE} = {E4ABD300-81EF-413F-ABF0-E558300E45D7}
		{63D55536-1578-4B5C-9836-94ED9B545578} = {E4ABD300-81EF-413F-ABF0-E558300E45D7}
		{E1D9D65D-D99E-4AB7-BD40-1B107CE62FA9} = {E4ABD300-81EF-413F-ABF0-E558300E45D7}
		{3582A14D-6DD2-461D-B72D-F4844D5B8032} = {E4ABD300-81EF-413F-ABF0-E558300E45D7}
		{B1FD708B-0064-4471-995F-21D7D8B7134C} = {E4ABD300-81EF-413F-ABF0-E558300E45D7}
		{3E0C4466-417E-41FA-AF51-B1807A7C51C3} = {E4ABD300-81EF-413F-ABF0-E558300E45D7}
		{B5C76656-E636-433E-8AE3-45516D765967} = {E4ABD300-81EF-413F-ABF0-E558300E45D7}
		{70433C67-0B4E-47AA-B326-AC71A1027633} = {E4ABD300-81EF-413F-ABF0-E558300E45D7}
		{BAD41996-DD6A-4A28-8145-A0C9849EE8B6} = {E4ABD300-81EF-413F-ABF0-E558300E45D7}
		{5C13EA36-D7E0-4BE9-BAEA-699ABE7E1A74} = {E4ABD300-81EF-413F-ABF0-E558300E45D7}
		{BFB635E2-8EC8-4E3F-BA0D-E739D3FE7E25} = {E4ABD300-81EF-413F-ABF0-E558300E45D7}
		{A649FD41-37C4-4771-82B5-4FEA1ECF3F62} = {E4ABD300-81EF-413F-ABF0-E558300E45D7}
		{89E2F2C4-5098-46E4-9DDF-7BD4AD89DA64} = {2867F666-BAC8-4140-8A87-793C2C501393}
		{B44C5073-796D-4781-A381-B74024218E34} = {2867F666-BAC8-4140-8A87-793C2C501393}
		{8D5E42B5-DE12-4AA1-A6D8-CB1FC32AD405} = {2867F666-BAC8-4140-8A87-793C2C501393}
		{0399E7FB-83DA-46AA-841D-625D854E5046} = {2867F666-BAC8-4140-8A87-793C2C501393}
		{FFA991DC-E705-4541-9550-69F9365ECC26} = {2867F666-BAC8-4140-8A87-793C2C501393}
		{8F8F219D-96C6-4297-BAEF-9F97E34F4886} = {2867F666-BAC8-4140-8A87-793C2C501393}
		{EED2EFBA-B571-4BBE-BE2F-1E49E76D1DCC} = {2867F666-BAC8-4140-8A87-793C2C501393}
		{17D18FBE-8F9F-45A4-B093-25E3CBF2C6A6} = {2867F666-BAC8-4140-8A87-793C2C501393}
		{442DC479-B7B1-4E51-A056-0096D15F98B8} = {2867F666-BAC8-4140-8A87-793C2C501393}
		{24DD005A-769A-45D6-B83D-4123FD89BBF1} = {2867F666-BAC8-4140-8A87-793C2C501393}
		{93651FBC-7F6B-4067-AA57-B7A4FB975F2C} = {2867F666-BAC8-4140-8A87-793C2C501393}
		{82CAC143-2B47-4F71-B851-D9C511C581AC} = {2867F666-BAC8-4140-8A87-793C2C501393}
		{0D3007DE-AE15-4403-A545-2940FA01A150} = {2867F666-BAC8-4140-8A87-793C2C501393}
		{B8DDC4FB-5C33-4C67-B3E3-736FBD21D4D5} = {2867F666-BAC8-4140-8A87-793C2C501393}
		{ABC9F874-4113-4DDE-921C-D64C8A156BEA} = {2867F666-BAC8-4140-8A87-793C2C501393}
		{3FB4555E-5D24-48F3-94C6-6E8028708BC9} = {2867F666-BAC8-4140-8A87-793C2C501393}
		{FFC8A118-5EC6-411A-8670-4E87DC260C7F} = {2867F666-BAC8-4140-8A87-793C2C501393}
		{65F79ED5-1C1D-4382-80A8-8DE89731DD7B} = {2867F666-BAC8-4140-8A87-793C2C501393}
	EndGlobalSection
	GlobalSection(ExtensibilityGlobals) = postSolution
		SolutionGuid = {21A4383B-2C1B-49BD-BB67-6A7CA819FDA5}
	EndGlobalSection
EndGlobal
